
Microsoft Visual Studio Solution File, Format Version 12.00
# Visual Studio 2017
Project("{FAE04EC0-301F-11D3-BF4B-00C04F79EFBC}") = "DeepDarkSurvivor", "DeepDarkSurvivor.csproj", "{208CB6F3-039A-FFDC-76F5-2C4F6B11B68C}"
EndProject
Project("{FAE04EC0-301F-11D3-BF4B-00C04F79EFBC}") = "DeepDarkSurvivor.Plugins", "DeepDarkSurvivor.Plugins.csproj", "{BD294941-3016-FC41-7A20-5307978D47CD}"
EndProject
Project("{FAE04EC0-301F-11D3-BF4B-00C04F79EFBC}") = "DeepDarkSurvivor.Editor.Plugins", "DeepDarkSurvivor.Editor.Plugins.csproj", "{256FB6C7-C6B7-5EF6-EB67-456D68C4655B}"
EndProject
Project("{FAE04EC0-301F-11D3-BF4B-00C04F79EFBC}") = "DeepDarkSurvivor.Editor", "DeepDarkSurvivor.Editor.csproj", "{C8A90130-CBC4-10F9-005C-38039D972333}"
EndProject
Global
	GlobalSection(SolutionConfigurationPlatforms) = preSolution
		Debug|Any CPU = Debug|Any CPU
		Release|Any CPU = Release|Any CPU
	EndGlobalSection
	GlobalSection(ProjectConfigurationPlatforms) = postSolution
		{208CB6F3-039A-FFDC-76F5-2C4F6B11B68C}.Debug|Any CPU.ActiveCfg = Debug|Any CPU
		{208CB6F3-039A-FFDC-76F5-2C4F6B11B68C}.Debug|Any CPU.Build.0 = Debug|Any CPU
		{208CB6F3-039A-FFDC-76F5-2C4F6B11B68C}.Release|Any CPU.ActiveCfg = Release|Any CPU
		{208CB6F3-039A-FFDC-76F5-2C4F6B11B68C}.Release|Any CPU.Build.0 = Release|Any CPU
		{BD294941-3016-FC41-7A20-5307978D47CD}.Debug|Any CPU.ActiveCfg = Debug|Any CPU
		{BD294941-3016-FC41-7A20-5307978D47CD}.Debug|Any CPU.Build.0 = Debug|Any CPU
		{BD294941-3016-FC41-7A20-5307978D47CD}.Release|Any CPU.ActiveCfg = Release|Any CPU
		{BD294941-3016-FC41-7A20-5307978D47CD}.Release|Any CPU.Build.0 = Release|Any CPU
		{256FB6C7-C6B7-5EF6-EB67-456D68C4655B}.Debug|Any CPU.ActiveCfg = Debug|Any CPU
		{256FB6C7-C6B7-5EF6-EB67-456D68C4655B}.Debug|Any CPU.Build.0 = Debug|Any CPU
		{256FB6C7-C6B7-5EF6-EB67-456D68C4655B}.Release|Any CPU.ActiveCfg = Release|Any CPU
		{256FB6C7-C6B7-5EF6-EB67-456D68C4655B}.Release|Any CPU.Build.0 = Release|Any CPU
		{C8A90130-CBC4-10F9-005C-38039D972333}.Debug|Any CPU.ActiveCfg = Debug|Any CPU
		{C8A90130-CBC4-10F9-005C-38039D972333}.Debug|Any CPU.Build.0 = Debug|Any CPU
		{C8A90130-CBC4-10F9-005C-38039D972333}.Release|Any CPU.ActiveCfg = Release|Any CPU
		{C8A90130-CBC4-10F9-005C-38039D972333}.Release|Any CPU.Build.0 = Release|Any CPU
	EndGlobalSection
	GlobalSection(SolutionProperties) = preSolution
		HideSolutionNode = FALSE
	EndGlobalSection
EndGlobal
