
Microsoft Visual Studio Solution File, Format Version 11.00
# Visual Studio 2010
Project("{FAE04EC0-301F-11D3-BF4B-00C04F79EFBC}") = "DeepDarkSurvivor", "Assembly-CSharp.csproj", "{C84682F0-F429-7847-8ED4-F3991DF99384}"
EndProject
Project("{FAE04EC0-301F-11D3-BF4B-00C04F79EFBC}") = "DeepDarkSurvivor", "Assembly-CSharp-firstpass.csproj", "{FE9FF58E-F296-B1EA-8920-DAC500C9B301}"
EndProject
Project("{FAE04EC0-301F-11D3-BF4B-00C04F79EFBC}") = "DeepDarkSurvivor", "Assembly-CSharp-Editor-firstpass.csproj", "{EA4932B1-E509-8748-A5B5-E64ECEB8EB7F}"
EndProject
Project("{FAE04EC0-301F-11D3-BF4B-00C04F79EFBC}") = "DeepDarkSurvivor", "Assembly-CSharp-Editor.csproj", "{AD4A1678-2064-DE31-205D-A4C57694ADF2}"
EndProject
Global
	GlobalSection(SolutionConfigurationPlatforms) = preSolution
		Debug|Any CPU = Debug|Any CPU
		Release|Any CPU = Release|Any CPU
	EndGlobalSection
	GlobalSection(ProjectConfigurationPlatforms) = postSolution
		{C84682F0-F429-7847-8ED4-F3991DF99384}.Debug|Any CPU.ActiveCfg = Debug|Any CPU
		{C84682F0-F429-7847-8ED4-F3991DF99384}.Debug|Any CPU.Build.0 = Debug|Any CPU
		{C84682F0-F429-7847-8ED4-F3991DF99384}.Release|Any CPU.ActiveCfg = Release|Any CPU
		{C84682F0-F429-7847-8ED4-F3991DF99384}.Release|Any CPU.Build.0 = Release|Any CPU
		{FE9FF58E-F296-B1EA-8920-DAC500C9B301}.Debug|Any CPU.ActiveCfg = Debug|Any CPU
		{FE9FF58E-F296-B1EA-8920-DAC500C9B301}.Debug|Any CPU.Build.0 = Debug|Any CPU
		{FE9FF58E-F296-B1EA-8920-DAC500C9B301}.Release|Any CPU.ActiveCfg = Release|Any CPU
		{FE9FF58E-F296-B1EA-8920-DAC500C9B301}.Release|Any CPU.Build.0 = Release|Any CPU
		{EA4932B1-E509-8748-A5B5-E64ECEB8EB7F}.Debug|Any CPU.ActiveCfg = Debug|Any CPU
		{EA4932B1-E509-8748-A5B5-E64ECEB8EB7F}.Debug|Any CPU.Build.0 = Debug|Any CPU
		{EA4932B1-E509-8748-A5B5-E64ECEB8EB7F}.Release|Any CPU.ActiveCfg = Release|Any CPU
		{EA4932B1-E509-8748-A5B5-E64ECEB8EB7F}.Release|Any CPU.Build.0 = Release|Any CPU
		{AD4A1678-2064-DE31-205D-A4C57694ADF2}.Debug|Any CPU.ActiveCfg = Debug|Any CPU
		{AD4A1678-2064-DE31-205D-A4C57694ADF2}.Debug|Any CPU.Build.0 = Debug|Any CPU
		{AD4A1678-2064-DE31-205D-A4C57694ADF2}.Release|Any CPU.ActiveCfg = Release|Any CPU
		{AD4A1678-2064-DE31-205D-A4C57694ADF2}.Release|Any CPU.Build.0 = Release|Any CPU
	EndGlobalSection
	GlobalSection(SolutionProperties) = preSolution
		HideSolutionNode = FALSE
	EndGlobalSection
	GlobalSection(MonoDevelopProperties) = preSolution
		StartupItem = Assembly-CSharp.csproj
	EndGlobalSection
EndGlobal
